{
  "name": "ngrok",
  "version": "1.0.0",
  "lockfileVersion": 3,
  "requires": true,
  "packages": {
    "": {
      "name": "ngrok",
      "version": "1.0.0",
      "license": "ISC",
      "dependencies": {
        "@ngrok/ngrok": "^1.5.0"
      }
    },
    "node_modules/@ngrok/ngrok": {
      "version": "1.5.0",
      "resolved": "https://registry.npmjs.org/@ngrok/ngrok/-/ngrok-1.5.0.tgz",
      "integrity": "sha512-MJCDEZxU7GdQ5e5pkSZ/tAKybJV1aAu8Czz66PWtUyiJDhA7L5XI2tfGca4oi5ww2h6UmPGkFjGUBXSCffefMQ==",
      "engines": {
        "node": ">= 10"
      },
      "optionalDependencies": {
        "@ngrok/ngrok-android-arm-eabi": "1.5.0",
        "@ngrok/ngrok-android-arm64": "1.5.0",
        "@ngrok/ngrok-darwin-arm64": "1.5.0",
        "@ngrok/ngrok-darwin-universal": "1.5.0",
        "@ngrok/ngrok-darwin-x64": "1.5.0",
        "@ngrok/ngrok-freebsd-x64": "1.5.0",
        "@ngrok/ngrok-linux-arm-gnueabihf": "1.5.0",
        "@ngrok/ngrok-linux-arm64-gnu": "1.5.0",
        "@ngrok/ngrok-linux-arm64-musl": "1.5.0",
        "@ngrok/ngrok-linux-x64-gnu": "1.5.0",
        "@ngrok/ngrok-linux-x64-musl": "1.5.0",
        "@ngrok/ngrok-win32-arm64-msvc": "1.5.0",
        "@ngrok/ngrok-win32-ia32-msvc": "1.5.0",
        "@ngrok/ngrok-win32-x64-msvc": "1.5.0"
      }
    },
    "node_modules/@ngrok/ngrok-android-arm64": {
      "version": "1.5.0",
      "resolved": "https://registry.npmjs.org/@ngrok/ngrok-android-arm64/-/ngrok-android-arm64-1.5.0.tgz",
      "integrity": "sha512-q37J+WxB/dUhwSFqABVe7qXLIVrCOfdcKb5s+ZQK74AG6nw2tqidoV4lcBv+EOJ0gmR20GDW460H6TZMZI9ReA==",
      "cpu": [
        "arm64"
      ],
      "optional": true,
      "os": [
        "android"
      ],
      "engines": {
        "node": ">= 10"
      }
    },
    "node_modules/@ngrok/ngrok-darwin-arm64": {
      "version": "1.5.0",
      "resolved": "https://registry.npmjs.org/@ngrok/ngrok-darwin-arm64/-/ngrok-darwin-arm64-1.5.0.tgz",
      "integrity": "sha512-bniy621Jv1QwYt6krWvY0jDmdj3d1d5ipEb3mmaiPlI2izc6hIWjVtwiljxi0yu3LD2F4n81ijCVMVHu7gCwRA==",
      "cpu": [
        "arm64"
      ],
      "optional": true,
      "os": [
        "darwin"
      ],
      "engines": {
        "node": ">= 10"
      }
    },
    "node_modules/@ngrok/ngrok-darwin-universal": {
      "version": "1.5.0",
      "resolved": "https://registry.npmjs.org/@ngrok/ngrok-darwin-universal/-/ngrok-darwin-universal-1.5.0.tgz",
      "integrity": "sha512-0QaRZvdlW6D1Omat7UrrmEUGSojFdqRqP2geP+tnaktBeZVwpZI5QP6f4sNPWKf559cbBc9dEdAaIp5buJarUA==",
      "optional": true,
      "os": [
        "darwin"
      ],
      "engines": {
        "node": ">= 10"
      }
    },
    "node_modules/@ngrok/ngrok-darwin-x64": {
      "version": "1.5.0",
      "resolved": "https://registry.npmjs.org/@ngrok/ngrok-darwin-x64/-/ngrok-darwin-x64-1.5.0.tgz",
      "integrity": "sha512-smaSBdvo2Bx48LGLjQcTMPp0Fwr8iAES4/x5+zSth+xJw2JblwAMee8xLiqx5Y8OgrrQ+Zk5hhfEKZ/yVO3pvQ==",
      "cpu": [
        "x64"
      ],
      "optional": true,
      "os": [
        "darwin"
      ],
      "engines": {
        "node": ">= 10"
      }
    },
    "node_modules/@ngrok/ngrok-freebsd-x64": {
      "version": "1.5.0",
      "resolved": "https://registry.npmjs.org/@ngrok/ngrok-freebsd-x64/-/ngrok-freebsd-x64-1.5.0.tgz",
      "integrity": "sha512-uzh72KWOV3Ukdx8VYad/QABwGedSRTF7BMPXjeEzdJypRid27aH+RNNTradcS18AGCZS2C8xVdScQmhJK+t++Q==",
      "cpu": [
        "x64"
      ],
      "optional": true,
      "os": [
        "freebsd"
      ],
      "engines": {
        "node": ">= 10"
      }
    },
    "node_modules/@ngrok/ngrok-linux-arm-gnueabihf": {
      "version": "1.5.0",
      "resolved": "https://registry.npmjs.org/@ngrok/ngrok-linux-arm-gnueabihf/-/ngrok-linux-arm-gnueabihf-1.5.0.tgz",
      "integrity": "sha512-fbphkyu/tyVBl+wkQu8awyl1MlQphUywc+MHknhQoTFiWDtgpp6L4lDbHI/uN7kkKTAqQpnkqd6PvcbbXlk4RQ==",
      "cpu": [
        "arm"
      ],
      "optional": true,
      "os": [
        "linux"
      ],
      "engines": {
        "node": ">= 10"
      }
    },
    "node_modules/@ngrok/ngrok-linux-arm64-gnu": {
      "version": "1.5.0",
      "resolved": "https://registry.npmjs.org/@ngrok/ngrok-linux-arm64-gnu/-/ngrok-linux-arm64-gnu-1.5.0.tgz",
      "integrity": "sha512-gyq6IIa6xjjuN/bO/GSKhelfmxFd62BAe+UN7sJL/StguSViIaB+guRV1mMHA17xsRRgEGUtSmo/N1W/aaEzKw==",
      "cpu": [
        "arm64"
      ],
      "optional": true,
      "os": [
        "linux"
      ],
      "engines": {
        "node": ">= 10"
      }
    },
    "node_modules/@ngrok/ngrok-linux-arm64-musl": {
      "version": "1.5.0",
      "resolved": "https://registry.npmjs.org/@ngrok/ngrok-linux-arm64-musl/-/ngrok-linux-arm64-musl-1.5.0.tgz",
      "integrity": "sha512-Me/4gbwVRMmpPFvNxhihow/4TfThoy8YrWVRb6Eh32EhAAnFaFzomkL0nFUPJifn04zx81X9jiC2XLdG8XPpzg==",
      "cpu": [
        "arm64"
      ],
      "optional": true,
      "os": [
        "linux"
      ],
      "engines": {
        "node": ">= 10"
      }
    },
    "node_modules/@ngrok/ngrok-linux-x64-gnu": {
      "version": "1.5.0",
      "resolved": "https://registry.npmjs.org/@ngrok/ngrok-linux-x64-gnu/-/ngrok-linux-x64-gnu-1.5.0.tgz",
      "integrity": "sha512-5TihKiQD/pjyWwbKWqQa/Hu2Z06EycfGCzpd3Gksai49N0n4glCRxa3T3zSuWbkuDAEO4nxHEcL+rQOy/4ybJg==",
      "cpu": [
        "x64"
      ],
      "optional": true,
      "os": [
        "linux"
      ],
      "engines": {
        "node": ">= 10"
      }
    },
    "node_modules/@ngrok/ngrok-linux-x64-musl": {
      "version": "1.5.0",
      "resolved": "https://registry.npmjs.org/@ngrok/ngrok-linux-x64-musl/-/ngrok-linux-x64-musl-1.5.0.tgz",
      "integrity": "sha512-0Gg+1ljixcj202AxiAdmpNmvmFFWRtMea6ytu53Ic/KSUy7w3Z5Y9toI32+Dq3P0xO1TRHNU/WGPJGfCZUcd8Q==",
      "cpu": [
        "x64"
      ],
      "optional": true,
      "os": [
        "linux"
      ],
      "engines": {
        "node": ">= 10"
      }
    },
    "node_modules/@ngrok/ngrok-win32-arm64-msvc": {
      "version": "1.5.0",
      "resolved": "https://registry.npmjs.org/@ngrok/ngrok-win32-arm64-msvc/-/ngrok-win32-arm64-msvc-1.5.0.tgz",
      "integrity": "sha512-HdfSuF92vp4/tSRBD70U99T/TfuZuaRz66mMSIuqq/aNuoETpqlv8O1A3FK8kP39WWioFxqe0A42zMexThwaOQ==",
      "cpu": [
        "arm64"
      ],
      "optional": true,
      "os": [
        "win32"
      ],
      "engines": {
        "node": ">= 10"
      }
    },
    "node_modules/@ngrok/ngrok-win32-ia32-msvc": {
      "version": "1.5.0",
      "resolved": "https://registry.npmjs.org/@ngrok/ngrok-win32-ia32-msvc/-/ngrok-win32-ia32-msvc-1.5.0.tgz",
      "integrity": "sha512-6d/b1agGcokg4IlcOJBugjRJXhLF6D3XhkRXz9iAD+6GaLeKsCz6tnq49dKdM+ah/CTuFa0WKwNYDHQYvcBw3Q==",
      "cpu": [
        "ia32"
      ],
      "optional": true,
      "os": [
        "win32"
      ],
      "engines": {
        "node": ">= 10"
      }
    },
    "node_modules/@ngrok/ngrok-win32-x64-msvc": {
      "version": "1.5.0",
      "resolved": "https://registry.npmjs.org/@ngrok/ngrok-win32-x64-msvc/-/ngrok-win32-x64-msvc-1.5.0.tgz",
      "integrity": "sha512-GMUFRQ849Jt0s/Puwi/qimTNQUTwsr+wAsyrsCpAgTU6EjHVxvtDOQJG146kxCwWHTy72JYd2RHO5iI4ye42mQ==",
      "cpu": [
        "x64"
      ],
      "optional": true,
      "os": [
        "win32"
      ],
      "engines": {
        "node": ">= 10"
      }
    }
  }
}
